
Microsoft Visual Studio Solution File, Format Version 12.00
# Visual Studio Version 17
VisualStudioVersion = 17.2.32526.322
MinimumVisualStudioVersion = 10.0.40219.1
Project("{FAE04EC0-301F-11D3-BF4B-00C04F79EFBC}") = "hazard", "hazard\hazard.csproj", "{D5510BD4-8712-4980-9949-CBA724149DCE}"
EndProject
Global
	GlobalSection(SolutionConfigurationPlatforms) = preSolution
		Debug|Any CPU = Debug|Any CPU
		Release|Any CPU = Release|Any CPU
	EndGlobalSection
	GlobalSection(ProjectConfigurationPlatforms) = postSolution
		{D5510BD4-8712-4980-9949-CBA724149DCE}.Debug|Any CPU.ActiveCfg = Debug|Any CPU
		{D5510BD4-8712-4980-9949-CBA724149DCE}.Debug|Any CPU.Build.0 = Debug|Any CPU
		{D5510BD4-8712-4980-9949-CBA724149DCE}.Release|Any CPU.ActiveCfg = Release|Any CPU
		{D5510BD4-8712-4980-9949-CBA724149DCE}.Release|Any CPU.Build.0 = Release|Any CPU
	EndGlobalSection
	GlobalSection(SolutionProperties) = preSolution
		HideSolutionNode = FALSE
	EndGlobalSection
	GlobalSection(ExtensibilityGlobals) = postSolution
		SolutionGuid = {3949A4FF-983A-4F72-B721-863526D12229}
	EndGlobalSection
EndGlobal
